# This file is autogenerated, do not edit; changes may be undone by the next 'dep ensure'.


[[projects]]
  digest = "1:458436b56e32780a0b1403b814d58d5d13655102bccca291d5b17adf806e032c"
  name = "github.com/Juniper/go-netconf"
  packages = ["netconf"]
  pruneopts = ""
  revision = "a2b17df81b3cb517c0f0e0498ba30b999da16868"
  version = "v0.1.1"

[[projects]]
  branch = "master"
  digest = "1:f9599d72b531f34dc0901d09005219566df459e0bae06c750e3eebf4bf2af939"
  name = "github.com/Masterminds/semver"
  packages = ["."]
  pruneopts = ""
  revision = "3c560837130448941620d7694991d3ec440aefc0"

[[projects]]
  digest = "1:7fb8c4db1864553558493179aa5ebe69ddbb1a77ecc1f6f6e50844b159ce0c55"
  name = "github.com/braintree/manners"
  packages = ["."]
  pruneopts = ""
  revision = "0b5e6b2c2843f4c83c2a40f96980b09cf4af733c"
  version = "0.4.0"

[[projects]]
  branch = "master"
  digest = "1:4252cb531dc6363e7767fbb3d6ed0839f95de5e5555a698cabf9063e9e27a0b0"
  name = "github.com/cdevr/WapSNMP"
  packages = ["."]
  pruneopts = ""
  revision = "94cbc6d187508e069da813a406056e5f92c65bc6"

[[projects]]
  branch = "master"
  digest = "1:ca0b5f2d3ae0c0dca6889ad4c210c8341022604741c3373468bf9d6a07e61c78"
  name = "github.com/cloudwan/goose"
  packages = ["."]
  pruneopts = ""
  revision = "c2d7eac2343dd1bbf26be6041cf03dc56b27882f"

[[projects]]
  digest = "1:4e3dde60e6be4a3fc63e7cbfb77ad061cbf412ac8e17f344bc71568785cd76e8"
  name = "github.com/codegangsta/cli"
  packages = ["."]
  pruneopts = ""
  revision = "cfb38830724cc34fedffe9a2a29fb54fa9169cd1"
  version = "v1.20.0"

[[projects]]
  digest = "1:2a7e5fec900c81706fdbbc095479c8c7fcc29c83feff18e266766bd8fe5dba52"
  name = "github.com/codegangsta/inject"
  packages = ["."]
  pruneopts = ""
  revision = "37d7f8432a3e684eef9b2edece76bdfa6ac85b39"
  version = "v1.0-rc1"

[[projects]]
  digest = "1:bb24bdb1a1dd852b853be145536394824111ad24e2c95dd9137be915f5406627"
  name = "github.com/coreos/etcd"
  packages = [
    "auth/authpb",
    "clientv3",
    "clientv3/concurrency",
    "etcdserver/api/v3rpc/rpctypes",
    "etcdserver/etcdserverpb",
    "mvcc/mvccpb",
    "pkg/types",
  ]
  pruneopts = ""
  revision = "33245c6b5b49130ca99280408fadfab01aac0e48"
  version = "v3.3.8"

[[projects]]
  digest = "1:2b8d679522541e61c1adaa29b1665830c4f4980f77f790ee7f9dddc118925af0"
  name = "github.com/coreos/go-etcd"
  packages = ["etcd"]
  pruneopts = ""
  revision = "f02171fbd43c7b9b53ce8679b03235a1ef3c7b12"
  version = "v2.0.0"

[[projects]]
  branch = "master"
  digest = "1:4c84f997febf96b03d6f856c44f9fc2cac5004b6d6d7569426aa649de04eaa72"
  name = "github.com/cyberdelia/go-metrics-graphite"
  packages = ["."]
  pruneopts = ""
  revision = "39f87cc3b432bbb898d7c643c0e93cac2bc865ad"

[[projects]]
  digest = "1:4edbd50b1c608ddc363660275c27cfb62c15d654dd4bece84aa438b1f0bc14d2"
  name = "github.com/ddliu/motto"
  packages = ["."]
  pruneopts = ""
  revision = "47bfc262fdd5e27c0270ac3cff82b604da05b145"
  version = "v0.3.0"

[[projects]]
  branch = "master"
  digest = "1:43604455e0ed8710e3fb7004237a00a7a34519a6d5934115b01e87e7eedb5a1c"
  name = "github.com/drone/routes"
  packages = ["."]
  pruneopts = ""
  revision = "853bef2b231162bb7b09355720416d3af1510d88"

[[projects]]
  branch = "master"
  digest = "1:155e2d14ffb208b497d9873607c8b67b0060d818366042a2c8acaad482aad911"
  name = "github.com/flosch/pongo2"
  packages = ["."]
  pruneopts = ""
  revision = "67f4ff8560dfa2b00920118f228c0a2f68760631"

[[projects]]
  digest = "1:c9f28ae76ddd98828fdf17b71cab34b1a4ada3c3020ed7a8e9633dfc6360762f"
  name = "github.com/go-martini/martini"
  packages = ["."]
  pruneopts = ""
  revision = "b174c4f35f9f3805e960be6286d888bc79534755"

[[projects]]
  digest = "1:dc876ae7727280d95f97af5320308131278b93d6c6f5cf953065e18cb8c88fd2"
  name = "github.com/go-sql-driver/mysql"
  packages = ["."]
  pruneopts = ""
  revision = "d523deb1b23d913de5bdada721a6071e71283618"
  version = "v1.4.0"

[[projects]]
  digest = "1:602c5827bcd5eca47c041a39aff7b626dda114da57a0334a9230bdc5cf8ed3ed"
  name = "github.com/gogo/protobuf"
  packages = [
    "gogoproto",
    "proto",
    "protoc-gen-gogo/descriptor",
  ]
  pruneopts = ""
  revision = "1adfc126b41513cc696b209667c8656ea7aac67c"
  version = "v1.0.0"

[[projects]]
  digest = "1:7427e20905befa56eed0d4ab5895b30c82491eadffbe6d996cc6c7f625bfbc16"
  name = "github.com/golang/mock"
  packages = ["gomock"]
  pruneopts = ""
  revision = "c34cdb4725f4c3844d095133c6e40e448b86589b"
  version = "v1.1.1"

[[projects]]
  digest = "1:b1d3041d568e065ab4d76f7477844458e9209c0bb241eaccdc0770bf0a13b120"
  name = "github.com/golang/protobuf"
  packages = [
    "proto",
    "ptypes",
    "ptypes/any",
    "ptypes/duration",
    "ptypes/timestamp",
  ]
  pruneopts = ""
  revision = "b4deda0973fb4c70b50d226b1af49f3da59f5265"
  version = "v1.1.0"

[[projects]]
  branch = "master"
  digest = "1:ff20ac9399e6c03914efd4217972b2e1b49b70b0218e62d8c81d079052f18b9a"
  name = "github.com/gophercloud/gophercloud"
  packages = [
    ".",
    "openstack",
    "openstack/identity/v2/tenants",
    "openstack/identity/v2/tokens",
    "openstack/identity/v3/projects",
    "openstack/identity/v3/tokens",
    "openstack/utils",
    "pagination",
  ]
  pruneopts = ""
  revision = "aac68cb146cb045a2c7c76ea060c81c9318f3dcd"

[[projects]]
  branch = "master"
  digest = "1:dc8c05d641946bd2f280e77e84fabfd605cb53ababfa3b18dfcb3c600a068fe1"
  name = "github.com/jmoiron/sqlx"
  packages = [
    ".",
    "reflectx",
  ]
  pruneopts = ""
  revision = "0dae4fefe7c0e190f7b5a78dac28a1c82cc8d849"

[[projects]]
  branch = "master"
  digest = "1:b38a66184fb38b517900ab365f43557ea7e4efe36f939e2fcb53ec0aa92b29c5"
  name = "github.com/juju/errors"
  packages = ["."]
  pruneopts = ""
  revision = "c7d06af17c68cd34c835053720b21f6549d9b0ee"

[[projects]]
  digest = "1:01228049049d301adb9fe2a35683db8ec9d20419aac36b5cc48e92c5d05444c3"
  name = "github.com/k0kubun/pp"
  packages = ["."]
  pruneopts = ""
  revision = "027a6d1765d673d337e687394dbe780dd64e2a1e"
  version = "v2.3.0"

[[projects]]
  digest = "1:3108ec0946181c60040ff51b811908f89d03e521e2b4ade5ef5c65b3c0e911ae"
  name = "github.com/kr/pretty"
  packages = ["."]
  pruneopts = ""
  revision = "73f6ac0b30a98e433b289500d779f50c1a6f0712"
  version = "v0.1.0"

[[projects]]
  digest = "1:d8e556ad2bc71bfd231c6dafad85375f958e39d17fa8379df28b936053086f55"
  name = "github.com/kr/text"
  packages = ["."]
  pruneopts = ""
  revision = "e2ffdb16a802fe2bb95e2e35ff34f0e53aeef34f"
  version = "v0.1.0"

[[projects]]
  branch = "master"
  digest = "1:63d75c4f611d0d43b5ba3b6609161c0ddb81275a183f05f607f8279cafa86b7e"
  name = "github.com/lann/builder"
  packages = ["."]
  pruneopts = ""
  revision = "1b87b36280d04fe7882d1512bf038ea2967ad534"

[[projects]]
  branch = "master"
  digest = "1:bfb195bbfe4edff0d8a078dd59d7567aae6f3c0d1a2cdf855fdcdd23c9b3bd8d"
  name = "github.com/lann/ps"
  packages = ["."]
  pruneopts = ""
  revision = "62de8c46ede02a7675c4c79c84883eb164cb71e3"

[[projects]]
  digest = "1:015ef9a11d36760d2075aa92839fd545cde0ef2ffe13ddaf849f2270eb292f1c"
  name = "github.com/lann/squirrel"
  packages = ["."]
  pruneopts = ""
  revision = "a6b93000bd219143c56c16e6cb1c4b91da3f224b"
  version = "v1.0"

[[projects]]
  branch = "master"
  digest = "1:d32face0ef2eee83d236d23bbb58c6adc5539a4bf29ec30ff6d2ff31368593f3"
  name = "github.com/lestrrat/go-server-starter"
  packages = [
    ".",
    "listener",
  ]
  pruneopts = ""
  revision = "6ac0b358431b798d3db8933ef547464e4ce74d9d"

[[projects]]
  branch = "master"
  digest = "1:f7e0652a1a78f186c87515c63fcfcfa34b2b1c442e5f92f7be5e2921bf3382ac"
  name = "github.com/martini-contrib/staticbin"
  packages = ["."]
  pruneopts = ""
  revision = "b9631fb8c188bec7aefed202f05fb3b76abadced"

[[projects]]
  digest = "1:74a81a9187cef23a4dd57d626ce2792c1452974c08cfa1ab84f193c539512950"
  name = "github.com/mattn/go-colorable"
  packages = ["."]
  pruneopts = ""
  revision = "167de6bfdfba052fa6b2d3664c8f5272e23c9072"
  version = "v0.0.9"

[[projects]]
  digest = "1:78229b46ddb7434f881390029bd1af7661294af31f6802e0e1bedaad4ab0af3c"
  name = "github.com/mattn/go-isatty"
  packages = ["."]
  pruneopts = ""
  revision = "0360b2af4f38e8d38c7fce2a9f4e702702d73a39"
  version = "v0.0.3"

[[projects]]
  digest = "1:81e673df85e765593a863f67cba4544cf40e8919590f04d67664940786c2b61a"
  name = "github.com/mattn/go-runewidth"
  packages = ["."]
  pruneopts = ""
  revision = "9e777a8366cce605130a531d2cd6363d07ad7317"
  version = "v0.0.2"

[[projects]]
  digest = "1:dad94a3d74862778314e0ef5f5e7d8dac64931bd5b5823b192b0fb043507e016"
  name = "github.com/mattn/go-sqlite3"
  packages = ["."]
  pruneopts = ""
  revision = "25ecb14adfc7543176f7d85291ec7dba82c6f7e4"
  version = "v1.9.0"

[[projects]]
  branch = "master"
  digest = "1:0de0f377aeccd41384e883c59c6f184c9db01c96db33a2724a1eaadd60f92629"
  name = "github.com/mitchellh/hashstructure"
  packages = ["."]
  pruneopts = ""
  revision = "2bca23e0e452137f789efbc8610126fd8b94f73b"

[[projects]]
  branch = "master"
  digest = "1:bdbab69b21c3c0409e24b3ec53a9bdf2c2dbc3d80bbe73e8d0c8ebc47f660e3d"
  name = "github.com/mohae/deepcopy"
  packages = ["."]
  pruneopts = ""
  revision = "c48cc78d482608239f6c4c92a4abd87eb8761c90"

[[projects]]
  branch = "master"
  digest = "1:0a6ffcd8c4f6b712c551929f5b93b984a15433a599572a0c792c628f6b459830"
  name = "github.com/nati/go-fakedb"
  packages = ["."]
  pruneopts = ""
  revision = "9f51f98721b1a99df2e64585e7160d5e08d82f50"

[[projects]]
  branch = "master"
  digest = "1:6d56c640c181bfa0801e3e572a34b63451106a869282fd849d3a2e078911ffdd"
  name = "github.com/nati/yaml"
  packages = ["."]
  pruneopts = ""
  revision = "99af09bce2f8cd195ccf671cf9b329249e4b3893"

[[projects]]
  branch = "master"
  digest = "1:43960e2b1b588e7c95af7755c79d0c61f0b3f04453cb6a63181025fb6e0381be"
  name = "github.com/nullbio/inflect"
  packages = ["."]
  pruneopts = ""
  revision = "3edb4592a77b0072b13dc3ed0669c08c266f6c73"

[[projects]]
  branch = "master"
  digest = "1:b3411bd240d969cd3cbecf7c8a9247ebb5bb67db75c3018d88be84c18f4f665b"
  name = "github.com/olekukonko/tablewriter"
  packages = ["."]
  pruneopts = ""
  revision = "d4647c9c7a84d847478d890b816b7d8b62b0b279"

[[projects]]
  digest = "1:f16e7314ccb018314c5b7137c5df380d7b24cf5d2fa2b03a7631dd374edb132c"
  name = "github.com/onsi/ginkgo"
  packages = [
    ".",
    "config",
    "extensions/table",
    "internal/codelocation",
    "internal/containernode",
    "internal/failer",
    "internal/leafnodes",
    "internal/remote",
    "internal/spec",
    "internal/spec_iterator",
    "internal/specrunner",
    "internal/suite",
    "internal/testingtproxy",
    "internal/writer",
    "reporters",
    "reporters/stenographer",
    "reporters/stenographer/support/go-colorable",
    "reporters/stenographer/support/go-isatty",
    "types",
  ]
  pruneopts = ""
  revision = "fa5fabab2a1bfbd924faf4c067d07ae414e2aedf"
  version = "v1.5.0"

[[projects]]
  digest = "1:19250fabb359eb8c781e45fd7734218e66b016977476a98d63e22a0280db346a"
  name = "github.com/onsi/gomega"
  packages = [
    ".",
    "format",
    "ghttp",
    "internal/assertion",
    "internal/asyncassertion",
    "internal/oraclematcher",
    "internal/testingtsupport",
    "matchers",
    "matchers/support/goraph/bipartitegraph",
    "matchers/support/goraph/edge",
    "matchers/support/goraph/node",
    "matchers/support/goraph/util",
    "types",
  ]
  pruneopts = ""
  revision = "62bff4df71bdbc266561a0caee19f0594b17c240"
  version = "v1.4.0"

[[projects]]
  digest = "1:c4d1bd0334a2a6b8e788d8dbb0a6bff6081783ee73d50a43dbd70075fd417a9d"
  name = "github.com/op/go-logging"
  packages = ["."]
  pruneopts = ""
  revision = "b2cb9fa56473e98db8caba80237377e83fe44db5"
  version = "v1"

[[projects]]
  digest = "1:4c0404dc03d974acd5fcd8b8d3ce687b13bd169db032b89275e8b9d77b98ce8c"
  name = "github.com/patrickmn/go-cache"
  packages = ["."]
  pruneopts = ""
  revision = "a3647f8e31d79543b2d0f0ae2fe5c379d72cedc0"
  version = "v2.1.0"

[[projects]]
  digest = "1:7365acd48986e205ccb8652cc746f09c8b7876030d53710ea6ef7d0bd0dcd7ca"
  name = "github.com/pkg/errors"
  packages = ["."]
  pruneopts = ""
  revision = "645ef00459ed84a119197bfb8d8205042c6df63d"
  version = "v0.8.0"

[[projects]]
  branch = "master"
  digest = "1:1b65925989a4dfb6d98ef1d530cda33ab1ff25945b14a22a8b8bb27cc282af70"
  name = "github.com/rcrowley/go-metrics"
  packages = ["."]
  pruneopts = ""
  revision = "e2704e165165ec55d062f5919b4b29494e9fa790"

[[projects]]
  branch = "master"
  digest = "1:5b241892e60f92523c98639bbd75543b4614d0ef554372b7017f28db68e6e6cc"
  name = "github.com/robertkrimen/otto"
  packages = [
    ".",
    "ast",
    "dbg",
    "file",
    "parser",
    "registry",
    "token",
    "underscore",
  ]
  pruneopts = ""
  revision = "15f95af6e78dcd2030d8195a138bd88d4f403546"

[[projects]]
  digest = "1:6ab228f39a195cb1dab3564a0f27dc24a52bb3a19fa58dd2967f1e7b2482d82b"
  name = "github.com/robfig/cron"
  packages = ["."]
  pruneopts = ""
  revision = "b41be1df696709bb6395fe435af20370037c0b4c"
  version = "v1.1"

[[projects]]
  branch = "master"
  digest = "1:2cca4fc02c8329dadfc6e831e6feb61845983b434fb3e8a034fe5753295a752d"
  name = "github.com/serenize/snaker"
  packages = ["."]
  pruneopts = ""
  revision = "a683aaf2d516deecd70cad0c72e3ca773ecfcef0"

[[projects]]
  branch = "master"
  digest = "1:0a1f8d01a0191f558910bcbfd7e1dc11a53ac374473d13b68b8fe520f21efb07"
  name = "github.com/streadway/amqp"
  packages = ["."]
  pruneopts = ""
  revision = "e5adc2ada8b8efff032bf61173a233d143e9318e"

[[projects]]
  branch = "master"
  digest = "1:317b7e73163e9dad0dc11e237c8ce21b95486626df3f75d39d79b0d8c6f36200"
  name = "github.com/streamrail/concurrent-map"
  packages = ["."]
  pruneopts = ""
  revision = "8bf1e9bacbf65b10c81d0f4314cf2b1ebef728b5"

[[projects]]
  digest = "1:9f210558b781f93c4e4bf501a8d21013b773d704c7a6c5c1b276a529b796ee5b"
  name = "github.com/twinj/uuid"
  packages = ["."]
  pruneopts = ""
  revision = "835a10bbd6bce40820349a68b1368a62c3c5617c"
  version = "v1.0.0"

[[projects]]
  branch = "master"
  digest = "1:0dc9a4b9ffdccf2881283cad69a29a35f5129631721dd908d8e4409fbbdd98c9"
  name = "github.com/tylerb/gls"
  packages = ["."]
  pruneopts = ""
  revision = "e606233f194d6c314156dc6a35f21a42a470c6f6"

[[projects]]
  digest = "1:8b25e7f7ce48e4d67aaa61e1ac41c3486fc9a05fe725ebc4442ed3090ab68b30"
  name = "github.com/vattle/sqlboiler"
  packages = ["strmangle"]
  pruneopts = ""
  revision = "82e14d2e1acb4e1b6ef2193858820f9bff6f187c"
  version = "v2.5.0"

[[projects]]
  branch = "master"
  digest = "1:e6338f2518362ff701a556bd76afd90a2168d1c658ec5d1ea1e9c5ef30a7d157"
  name = "github.com/xeipuuv/gojsonpointer"
  packages = ["."]
  pruneopts = ""
  revision = "4e3ac2762d5f479393488629ee9370b50873b3a6"

[[projects]]
  branch = "master"
  digest = "1:604f98a38394d2805a78c462396a4992b93fdd5b7306130add330f1a99ac6b0a"
  name = "github.com/xeipuuv/gojsonreference"
  packages = ["."]
  pruneopts = ""
  revision = "bd5ef7bd5415a7ac448318e64f11a24cd21e594b"

[[projects]]
  digest = "1:af9146107c7fcdaa4cc7fafc3b27dc2bccce0058d844bcfa82da20c86269190b"
  name = "github.com/xeipuuv/gojsonschema"
  packages = ["."]
  pruneopts = ""
  revision = "93e72a773fade158921402d6a24c819b48aba29d"

[[projects]]
  branch = "master"
  digest = "1:7639d0a946ea84e59435455c286e593ca1d6e99825efd3d8665f1e33f6dd3b3f"
  name = "github.com/ziutek/telnet"
  packages = ["."]
  pruneopts = ""
  revision = "c3b780dc415b28894076b4ec975ea3ea69e3980f"

[[projects]]
  branch = "master"
  digest = "1:e79c3d6b195477b429f017aaa02af135249bbdff31c9acbd8a93bb37a4ef7d3b"
  name = "golang.org/x/crypto"
  packages = [
    "curve25519",
    "ed25519",
    "ed25519/internal/edwards25519",
    "internal/chacha20",
    "internal/subtle",
    "poly1305",
    "ssh",
    "ssh/agent",
  ]
  pruneopts = ""
  revision = "a49355c7e3f8fe157a85be2f77e6e269a0f89602"

[[projects]]
  branch = "master"
  digest = "1:6823efeced662854b99fd5f8b688684113fc40a207a32b28ae74d7996e4293dd"
  name = "golang.org/x/net"
  packages = [
    "context",
    "html",
    "html/atom",
    "html/charset",
    "http/httpguts",
    "http2",
    "http2/hpack",
    "idna",
    "internal/timeseries",
    "trace",
  ]
  pruneopts = ""
  revision = "afe8f62b1d6bbd81f31868121a50b06d8188e1f9"

[[projects]]
  branch = "master"
  digest = "1:09f2c7c5c74db61738ac2229fe64eba7bbe0141232fe3b5a1ced6d212c1f8e76"
  name = "golang.org/x/sys"
  packages = ["unix"]
  pruneopts = ""
  revision = "a200a19cb90b19de298170992778b1fda7217bd6"

[[projects]]
  digest = "1:af9bfca4298ef7502c52b1459df274eed401a4f5498b900e9a92d28d3d87ac5a"
  name = "golang.org/x/text"
  packages = [
    "collate",
    "collate/build",
    "encoding",
    "encoding/charmap",
    "encoding/htmlindex",
    "encoding/internal",
    "encoding/internal/identifier",
    "encoding/japanese",
    "encoding/korean",
    "encoding/simplifiedchinese",
    "encoding/traditionalchinese",
    "encoding/unicode",
    "internal/colltab",
    "internal/gen",
    "internal/tag",
    "internal/triegen",
    "internal/ucd",
    "internal/utf8internal",
    "language",
    "runes",
    "secure/bidirule",
    "transform",
    "unicode/bidi",
    "unicode/cldr",
    "unicode/norm",
    "unicode/rangetable",
  ]
  pruneopts = ""
  revision = "f21a4dfb5e38f5895301dc265a8def02365cc3d0"
  version = "v0.3.0"

[[projects]]
  digest = "1:eede11c81b63c8f6fd06ef24ba0a640dc077196ec9b7a58ecde03c82eee2f151"
  name = "google.golang.org/appengine"
  packages = ["cloudsql"]
  pruneopts = ""
  revision = "b1f26356af11148e710935ed1ac8a7f5702c7612"
  version = "v1.1.0"

[[projects]]
  branch = "master"
  digest = "1:90630b64a81b8903d45551554ffc9bb414b0f5f0a5713f84fd299011ca125fa8"
  name = "google.golang.org/genproto"
  packages = ["googleapis/rpc/status"]
  pruneopts = ""
  revision = "80063a038e333bbe006c878e4c5ce4c74d055498"

[[projects]]
  digest = "1:05f2028524c4eada11e3f46d23139f23e9e0a40b2552207a5af278e8063ce782"
  name = "google.golang.org/grpc"
  packages = [
    ".",
    "balancer",
    "balancer/base",
    "balancer/roundrobin",
    "codes",
    "connectivity",
    "credentials",
    "encoding",
    "encoding/proto",
    "grpclog",
    "health/grpc_health_v1",
    "internal",
    "internal/backoff",
    "internal/channelz",
    "internal/grpcrand",
    "keepalive",
    "metadata",
    "naming",
    "peer",
    "resolver",
    "resolver/dns",
    "resolver/passthrough",
    "stats",
    "status",
    "tap",
    "transport",
  ]
  pruneopts = ""
  revision = "168a6198bcb0ef175f7dacec0b8691fc141dc9b8"
  version = "v1.13.0"

[[projects]]
  digest = "1:b16e6f7ff805e007a9825b070d594e961caa367cbeab8b1b2af0d1f834d3a1df"
  name = "gopkg.in/sourcemap.v1"
  packages = [
    ".",
    "base64vlq",
  ]
  pruneopts = ""
  revision = "6e83acea0053641eff084973fee085f0c193c61a"
  version = "v1.0.5"

[[projects]]
  digest = "1:f0620375dd1f6251d9973b5f2596228cc8042e887cd7f827e4220bc1ce8c30e2"
  name = "gopkg.in/yaml.v2"
  packages = ["."]
  pruneopts = ""
  revision = "5420a8b6744d3b0345ab293f6fcba19c978f1183"
  version = "v2.2.1"

[solve-meta]
  analyzer-name = "dep"
  analyzer-version = 1
  input-imports = [
    "github.com/Juniper/go-netconf/netconf",
    "github.com/Masterminds/semver",
    "github.com/braintree/manners",
    "github.com/cdevr/WapSNMP",
    "github.com/cloudwan/goose",
    "github.com/codegangsta/cli",
    "github.com/coreos/etcd/clientv3",
    "github.com/coreos/etcd/clientv3/concurrency",
    "github.com/coreos/etcd/mvcc/mvccpb",
    "github.com/coreos/go-etcd/etcd",
    "github.com/cyberdelia/go-metrics-graphite",
    "github.com/ddliu/motto",
    "github.com/drone/routes",
    "github.com/flosch/pongo2",
    "github.com/go-martini/martini",
    "github.com/go-sql-driver/mysql",
    "github.com/golang/mock/gomock",
    "github.com/gophercloud/gophercloud",
    "github.com/gophercloud/gophercloud/openstack",
    "github.com/gophercloud/gophercloud/openstack/identity/v2/tenants",
    "github.com/gophercloud/gophercloud/openstack/identity/v3/projects",
    "github.com/gophercloud/gophercloud/openstack/identity/v3/tokens",
    "github.com/gophercloud/gophercloud/pagination",
    "github.com/jmoiron/sqlx",
    "github.com/jmoiron/sqlx/reflectx",
    "github.com/k0kubun/pp",
    "github.com/kr/pretty",
    "github.com/lann/squirrel",
    "github.com/lestrrat/go-server-starter",
    "github.com/lestrrat/go-server-starter/listener",
    "github.com/martini-contrib/staticbin",
    "github.com/mattn/go-sqlite3",
    "github.com/mitchellh/hashstructure",
    "github.com/mohae/deepcopy",
    "github.com/nati/go-fakedb",
    "github.com/nati/yaml",
    "github.com/olekukonko/tablewriter",
    "github.com/onsi/ginkgo",
    "github.com/onsi/ginkgo/config",
    "github.com/onsi/ginkgo/extensions/table",
    "github.com/onsi/ginkgo/reporters/stenographer",
    "github.com/onsi/ginkgo/types",
    "github.com/onsi/gomega",
    "github.com/onsi/gomega/format",
    "github.com/onsi/gomega/ghttp",
    "github.com/onsi/gomega/types",
    "github.com/op/go-logging",
    "github.com/patrickmn/go-cache",
    "github.com/pkg/errors",
    "github.com/rcrowley/go-metrics",
    "github.com/robertkrimen/otto",
    "github.com/robertkrimen/otto/ast",
    "github.com/robertkrimen/otto/parser",
    "github.com/robertkrimen/otto/underscore",
    "github.com/robfig/cron",
    "github.com/serenize/snaker",
    "github.com/streadway/amqp",
    "github.com/streamrail/concurrent-map",
    "github.com/twinj/uuid",
    "github.com/tylerb/gls",
    "github.com/vattle/sqlboiler/strmangle",
    "github.com/xeipuuv/gojsonpointer",
    "github.com/xeipuuv/gojsonschema",
    "golang.org/x/crypto/ssh",
    "golang.org/x/net/context",
    "gopkg.in/yaml.v2",
  ]
  solver-name = "gps-cdcl"
  solver-version = 1
