# This file is autogenerated, do not edit; changes may be undone by the next 'dep ensure'.


[[projects]]
  digest = "1:27bb802c92513abc8f6765167b03269e189e3e1b15a2e5e0075461a54ee3d61c"
  name = "github.com/Juniper/go-netconf"
  packages = ["netconf"]
  pruneopts = ""
  revision = "a2b17df81b3cb517c0f0e0498ba30b999da16868"
  version = "v0.1.1"

[[projects]]
  branch = "master"
  digest = "1:f9599d72b531f34dc0901d09005219566df459e0bae06c750e3eebf4bf2af939"
  name = "github.com/Masterminds/semver"
  packages = ["."]
  pruneopts = ""
  revision = "3c560837130448941620d7694991d3ec440aefc0"

[[projects]]
  digest = "1:7fb8c4db1864553558493179aa5ebe69ddbb1a77ecc1f6f6e50844b159ce0c55"
  name = "github.com/braintree/manners"
  packages = ["."]
  pruneopts = ""
  revision = "0b5e6b2c2843f4c83c2a40f96980b09cf4af733c"
  version = "0.4.0"

[[projects]]
  branch = "master"
  digest = "1:63048b84076e558333917c456a035f6d7308add38ff64cd77805ee1d3dac673d"
  name = "github.com/cloudwan/goose"
  packages = ["."]
  pruneopts = ""
  revision = "c2d7eac2343dd1bbf26be6041cf03dc56b27882f"

[[projects]]
  digest = "1:e85837cb04b78f61688c6eba93ea9d14f60d611e2aaf8319999b1a60d2dafbfa"
  name = "github.com/codegangsta/cli"
  packages = ["."]
  pruneopts = ""
  revision = "cfb38830724cc34fedffe9a2a29fb54fa9169cd1"
  version = "v1.20.0"

[[projects]]
  digest = "1:2a7e5fec900c81706fdbbc095479c8c7fcc29c83feff18e266766bd8fe5dba52"
  name = "github.com/codegangsta/inject"
  packages = ["."]
  pruneopts = ""
  revision = "37d7f8432a3e684eef9b2edece76bdfa6ac85b39"
  version = "v1.0-rc1"

[[projects]]
  digest = "1:96637fd1b47c35bd2fc49969138b40ad6b66166e2e36664ac5ffd97c93542e62"
  name = "github.com/coreos/etcd"
  packages = [
    "auth/authpb",
    "clientv3",
    "clientv3/concurrency",
    "etcdserver/api/v3rpc/rpctypes",
    "etcdserver/etcdserverpb",
    "mvcc/mvccpb",
    "pkg/types",
  ]
  pruneopts = ""
  revision = "33245c6b5b49130ca99280408fadfab01aac0e48"
  version = "v3.3.8"

[[projects]]
  branch = "master"
  digest = "1:4c84f997febf96b03d6f856c44f9fc2cac5004b6d6d7569426aa649de04eaa72"
  name = "github.com/cyberdelia/go-metrics-graphite"
  packages = ["."]
  pruneopts = ""
  revision = "39f87cc3b432bbb898d7c643c0e93cac2bc865ad"

[[projects]]
  digest = "1:afc99a181c66d3b71c48920b5fa3bffb44f0e61428314ae507653d9e4f70d704"
  name = "github.com/ddliu/motto"
  packages = ["."]
  pruneopts = ""
  revision = "47bfc262fdd5e27c0270ac3cff82b604da05b145"
  version = "v0.3.0"

[[projects]]
  branch = "master"
  digest = "1:4fa43c9ef542478482c6021548d563722bdee2bb6008212f0e7633628558fe00"
  name = "github.com/drone/routes"
  packages = ["."]
  pruneopts = ""
  revision = "853bef2b231162bb7b09355720416d3af1510d88"

[[projects]]
  branch = "master"
  digest = "1:4b08449646bf56af25cac0efd917a03aeb94f33771660540edfbe7e6f7ed90eb"
  name = "github.com/flosch/pongo2"
  packages = ["."]
  pruneopts = ""
  revision = "67f4ff8560dfa2b00920118f228c0a2f68760631"

[[projects]]
  digest = "1:6d1967ed135379639507a55c6574646c2eb4b340caf49fdea36541786a84b490"
  name = "github.com/go-martini/martini"
  packages = ["."]
  pruneopts = ""
  revision = "b174c4f35f9f3805e960be6286d888bc79534755"

[[projects]]
  digest = "1:c07de423ca37dc2765396d6971599ab652a339538084b9b58c9f7fc533b28525"
  name = "github.com/go-sql-driver/mysql"
  packages = ["."]
  pruneopts = ""
  revision = "d523deb1b23d913de5bdada721a6071e71283618"
  version = "v1.4.0"

[[projects]]
  digest = "1:0a3f6a0c68ab8f3d455f8892295503b179e571b7fefe47cc6c556405d1f83411"
  name = "github.com/gogo/protobuf"
  packages = [
    "gogoproto",
    "proto",
    "protoc-gen-gogo/descriptor",
  ]
  pruneopts = ""
  revision = "1adfc126b41513cc696b209667c8656ea7aac67c"
  version = "v1.0.0"

[[projects]]
  digest = "1:73a7106c799f98af4f3da7552906efc6a2570329f4cd2d2f5fb8f9d6c053ff2f"
  name = "github.com/golang/mock"
  packages = ["gomock"]
  pruneopts = ""
  revision = "c34cdb4725f4c3844d095133c6e40e448b86589b"
  version = "v1.1.1"

[[projects]]
  digest = "1:f958a1c137db276e52f0b50efee41a1a389dcdded59a69711f3e872757dab34b"
  name = "github.com/golang/protobuf"
  packages = [
    "proto",
    "ptypes",
    "ptypes/any",
    "ptypes/duration",
    "ptypes/timestamp",
  ]
  pruneopts = ""
  revision = "b4deda0973fb4c70b50d226b1af49f3da59f5265"
  version = "v1.1.0"

[[projects]]
  branch = "master"
  digest = "1:f693cb12e58692c92a48812420340cae6e215d41bf5babbd99a8817cf888c46b"
  name = "github.com/gophercloud/gophercloud"
  packages = [
    ".",
    "openstack",
    "openstack/identity/v2/tenants",
    "openstack/identity/v2/tokens",
    "openstack/identity/v3/projects",
    "openstack/identity/v3/tokens",
    "openstack/utils",
    "pagination",
  ]
  pruneopts = ""
  revision = "e621b2311b07793f393023049e740f5aadcd512e"
  source = "https://github.com/cloudwan/gophercloud.git"

[[projects]]
  branch = "master"
  digest = "1:617ee2434b77e911fa26b678730be9a617f75243b194eadc8201c8ac860844aa"
  name = "github.com/jmoiron/sqlx"
  packages = [
    ".",
    "reflectx",
  ]
  pruneopts = ""
  revision = "0dae4fefe7c0e190f7b5a78dac28a1c82cc8d849"

[[projects]]
  branch = "master"
  digest = "1:b38a66184fb38b517900ab365f43557ea7e4efe36f939e2fcb53ec0aa92b29c5"
  name = "github.com/juju/errors"
  packages = ["."]
  pruneopts = ""
  revision = "c7d06af17c68cd34c835053720b21f6549d9b0ee"

[[projects]]
  branch = "master"
  digest = "1:63d75c4f611d0d43b5ba3b6609161c0ddb81275a183f05f607f8279cafa86b7e"
  name = "github.com/lann/builder"
  packages = ["."]
  pruneopts = ""
  revision = "1b87b36280d04fe7882d1512bf038ea2967ad534"

[[projects]]
  branch = "master"
  digest = "1:bfb195bbfe4edff0d8a078dd59d7567aae6f3c0d1a2cdf855fdcdd23c9b3bd8d"
  name = "github.com/lann/ps"
  packages = ["."]
  pruneopts = ""
  revision = "62de8c46ede02a7675c4c79c84883eb164cb71e3"

[[projects]]
  digest = "1:015ef9a11d36760d2075aa92839fd545cde0ef2ffe13ddaf849f2270eb292f1c"
  name = "github.com/lann/squirrel"
  packages = ["."]
  pruneopts = ""
  revision = "a6b93000bd219143c56c16e6cb1c4b91da3f224b"
  version = "v1.0"

[[projects]]
  branch = "master"
  digest = "1:1e9ca50ef3425afdb2fd2041606e5d5869d8f5d497742b1b63d9553be852478d"
  name = "github.com/lestrrat/go-server-starter"
  packages = [
    ".",
    "listener",
  ]
  pruneopts = ""
  revision = "6ac0b358431b798d3db8933ef547464e4ce74d9d"

[[projects]]
  branch = "master"
  digest = "1:f7e0652a1a78f186c87515c63fcfcfa34b2b1c442e5f92f7be5e2921bf3382ac"
  name = "github.com/martini-contrib/staticbin"
  packages = ["."]
  pruneopts = ""
  revision = "b9631fb8c188bec7aefed202f05fb3b76abadced"

[[projects]]
  digest = "1:81e673df85e765593a863f67cba4544cf40e8919590f04d67664940786c2b61a"
  name = "github.com/mattn/go-runewidth"
  packages = ["."]
  pruneopts = ""
  revision = "9e777a8366cce605130a531d2cd6363d07ad7317"
  version = "v0.0.2"

[[projects]]
  digest = "1:bc03901fc8f0965ccba8bc453eae21a9b04f95999eab664c7de6dc7290f4e8f4"
  name = "github.com/mattn/go-sqlite3"
  packages = ["."]
  pruneopts = ""
  revision = "25ecb14adfc7543176f7d85291ec7dba82c6f7e4"
  version = "v1.9.0"

[[projects]]
  branch = "master"
  digest = "1:0de0f377aeccd41384e883c59c6f184c9db01c96db33a2724a1eaadd60f92629"
  name = "github.com/mitchellh/hashstructure"
  packages = ["."]
  pruneopts = ""
  revision = "2bca23e0e452137f789efbc8610126fd8b94f73b"

[[projects]]
  branch = "master"
  digest = "1:bdbab69b21c3c0409e24b3ec53a9bdf2c2dbc3d80bbe73e8d0c8ebc47f660e3d"
  name = "github.com/mohae/deepcopy"
  packages = ["."]
  pruneopts = ""
  revision = "c48cc78d482608239f6c4c92a4abd87eb8761c90"

[[projects]]
  branch = "master"
  digest = "1:0a6ffcd8c4f6b712c551929f5b93b984a15433a599572a0c792c628f6b459830"
  name = "github.com/nati/go-fakedb"
  packages = ["."]
  pruneopts = ""
  revision = "9f51f98721b1a99df2e64585e7160d5e08d82f50"

[[projects]]
  branch = "master"
  digest = "1:43960e2b1b588e7c95af7755c79d0c61f0b3f04453cb6a63181025fb6e0381be"
  name = "github.com/nullbio/inflect"
  packages = ["."]
  pruneopts = ""
  revision = "3edb4592a77b0072b13dc3ed0669c08c266f6c73"

[[projects]]
  branch = "master"
  digest = "1:816e800c7b5689e114c0dc6acf494553d1e7a52575764c5d6de67fb32bd8bbb2"
  name = "github.com/olekukonko/tablewriter"
  packages = ["."]
  pruneopts = ""
  revision = "d4647c9c7a84d847478d890b816b7d8b62b0b279"

[[projects]]
  digest = "1:1eece6e2aa8a8f94e0461483229f0c4b0555c17e76e0e7e6b8597c2093d269f8"
  name = "github.com/onsi/ginkgo"
  packages = [
    ".",
    "config",
    "extensions/table",
    "internal/codelocation",
    "internal/containernode",
    "internal/failer",
    "internal/leafnodes",
    "internal/remote",
    "internal/spec",
    "internal/spec_iterator",
    "internal/specrunner",
    "internal/suite",
    "internal/testingtproxy",
    "internal/writer",
    "reporters",
    "reporters/stenographer",
    "reporters/stenographer/support/go-colorable",
    "reporters/stenographer/support/go-isatty",
    "types",
  ]
  pruneopts = ""
  revision = "fa5fabab2a1bfbd924faf4c067d07ae414e2aedf"
  version = "v1.5.0"

[[projects]]
  digest = "1:ae1d23cbf8c1dfdc3ebffa41f28d31fc7110323596e9247e382c9cc7df4243a9"
  name = "github.com/onsi/gomega"
  packages = [
    ".",
    "format",
    "ghttp",
    "internal/assertion",
    "internal/asyncassertion",
    "internal/oraclematcher",
    "internal/testingtsupport",
    "matchers",
    "matchers/support/goraph/bipartitegraph",
    "matchers/support/goraph/edge",
    "matchers/support/goraph/node",
    "matchers/support/goraph/util",
    "types",
  ]
  pruneopts = ""
  revision = "62bff4df71bdbc266561a0caee19f0594b17c240"
  version = "v1.4.0"

[[projects]]
  digest = "1:8e4f739f290a3d6f38b7b6d8f704be3fbff599f755e16745a1983f3e6e1b0b7e"
  name = "github.com/op/go-logging"
  packages = ["."]
  pruneopts = ""
  revision = "b2cb9fa56473e98db8caba80237377e83fe44db5"
  version = "v1"

[[projects]]
  digest = "1:4c0404dc03d974acd5fcd8b8d3ce687b13bd169db032b89275e8b9d77b98ce8c"
  name = "github.com/patrickmn/go-cache"
  packages = ["."]
  pruneopts = ""
  revision = "a3647f8e31d79543b2d0f0ae2fe5c379d72cedc0"
  version = "v2.1.0"

[[projects]]
  digest = "1:7365acd48986e205ccb8652cc746f09c8b7876030d53710ea6ef7d0bd0dcd7ca"
  name = "github.com/pkg/errors"
  packages = ["."]
  pruneopts = ""
  revision = "645ef00459ed84a119197bfb8d8205042c6df63d"
  version = "v0.8.0"

[[projects]]
  branch = "master"
  digest = "1:15bcdc717654ef21128e8af3a63eec39a6d08a830e297f93d65163f87c8eb523"
  name = "github.com/rcrowley/go-metrics"
  packages = ["."]
  pruneopts = ""
  revision = "e2704e165165ec55d062f5919b4b29494e9fa790"

[[projects]]
  branch = "master"
  digest = "1:76695a5588998a21701d17ea689a45fa39a8c5f52c47607f74f9a92416bb6961"
  name = "github.com/robertkrimen/otto"
  packages = [
    ".",
    "ast",
    "dbg",
    "file",
    "parser",
    "registry",
    "token",
    "underscore",
  ]
  pruneopts = ""
  revision = "15f95af6e78dcd2030d8195a138bd88d4f403546"

[[projects]]
  digest = "1:6ab228f39a195cb1dab3564a0f27dc24a52bb3a19fa58dd2967f1e7b2482d82b"
  name = "github.com/robfig/cron"
  packages = ["."]
  pruneopts = ""
  revision = "b41be1df696709bb6395fe435af20370037c0b4c"
  version = "v1.1"

[[projects]]
  branch = "master"
  digest = "1:2cca4fc02c8329dadfc6e831e6feb61845983b434fb3e8a034fe5753295a752d"
  name = "github.com/serenize/snaker"
  packages = ["."]
  pruneopts = ""
  revision = "a683aaf2d516deecd70cad0c72e3ca773ecfcef0"

[[projects]]
  branch = "master"
  digest = "1:317b7e73163e9dad0dc11e237c8ce21b95486626df3f75d39d79b0d8c6f36200"
  name = "github.com/streamrail/concurrent-map"
  packages = ["."]
  pruneopts = ""
  revision = "8bf1e9bacbf65b10c81d0f4314cf2b1ebef728b5"

[[projects]]
  digest = "1:c27b9d796a0011b90661dc71cb6627d844372327c9e1f306d0713ed679139ebf"
  name = "github.com/twinj/uuid"
  packages = ["."]
  pruneopts = ""
  revision = "835a10bbd6bce40820349a68b1368a62c3c5617c"
  version = "v1.0.0"

[[projects]]
  branch = "master"
  digest = "1:0dc9a4b9ffdccf2881283cad69a29a35f5129631721dd908d8e4409fbbdd98c9"
  name = "github.com/tylerb/gls"
  packages = ["."]
  pruneopts = ""
  revision = "e606233f194d6c314156dc6a35f21a42a470c6f6"

[[projects]]
  digest = "1:43de3264c1459bc59c7de119ee9123dacb7dc7748cc36780a6847a4f70f692d4"
  name = "github.com/vattle/sqlboiler"
  packages = ["strmangle"]
  pruneopts = ""
  revision = "82e14d2e1acb4e1b6ef2193858820f9bff6f187c"
  version = "v2.5.0"

[[projects]]
  branch = "master"
  digest = "1:e6338f2518362ff701a556bd76afd90a2168d1c658ec5d1ea1e9c5ef30a7d157"
  name = "github.com/xeipuuv/gojsonpointer"
  packages = ["."]
  pruneopts = ""
  revision = "4e3ac2762d5f479393488629ee9370b50873b3a6"

[[projects]]
  branch = "master"
  digest = "1:604f98a38394d2805a78c462396a4992b93fdd5b7306130add330f1a99ac6b0a"
  name = "github.com/xeipuuv/gojsonreference"
  packages = ["."]
  pruneopts = ""
  revision = "bd5ef7bd5415a7ac448318e64f11a24cd21e594b"

[[projects]]
  digest = "1:6261703eb9d0ea37b847159af1b903b62466e6c9d0d77ed8f49496965c7bcea8"
  name = "github.com/xeipuuv/gojsonschema"
  packages = ["."]
  pruneopts = ""
  revision = "93e72a773fade158921402d6a24c819b48aba29d"

[[projects]]
  branch = "master"
  digest = "1:d5a3dc85da58a5d8eb013bed68d82c351cd0cd8237ead400a73c25597e31730e"
  name = "github.com/ziutek/telnet"
  packages = ["."]
  pruneopts = ""
  revision = "c3b780dc415b28894076b4ec975ea3ea69e3980f"

[[projects]]
  branch = "master"
  digest = "1:6ef14be530be39b6b9d75d54ce1d546ae9231e652d9e3eef198cbb19ce8ed3e7"
  name = "golang.org/x/crypto"
  packages = [
    "curve25519",
    "ed25519",
    "ed25519/internal/edwards25519",
    "internal/chacha20",
    "internal/subtle",
    "poly1305",
    "ssh",
    "ssh/agent",
  ]
  pruneopts = ""
  revision = "a49355c7e3f8fe157a85be2f77e6e269a0f89602"

[[projects]]
  branch = "master"
  digest = "1:4656104e65eed39be4ad82d1c2d31ccb391ba51817ccfbb6140562b141392b71"
  name = "golang.org/x/net"
  packages = [
    "context",
    "html",
    "html/atom",
    "html/charset",
    "http/httpguts",
    "http2",
    "http2/hpack",
    "idna",
    "internal/timeseries",
    "trace",
  ]
  pruneopts = ""
  revision = "afe8f62b1d6bbd81f31868121a50b06d8188e1f9"

[[projects]]
  branch = "master"
  digest = "1:b3b99cd323bb9fa94ce9afa76c5714291c377330f4b2febec75fbcedce283ce4"
  name = "golang.org/x/sys"
  packages = ["unix"]
  pruneopts = ""
  revision = "a200a19cb90b19de298170992778b1fda7217bd6"

[[projects]]
  digest = "1:5acd3512b047305d49e8763eef7ba423901e85d5dd2fd1e71778a0ea8de10bd4"
  name = "golang.org/x/text"
  packages = [
    "collate",
    "collate/build",
    "encoding",
    "encoding/charmap",
    "encoding/htmlindex",
    "encoding/internal",
    "encoding/internal/identifier",
    "encoding/japanese",
    "encoding/korean",
    "encoding/simplifiedchinese",
    "encoding/traditionalchinese",
    "encoding/unicode",
    "internal/colltab",
    "internal/gen",
    "internal/tag",
    "internal/triegen",
    "internal/ucd",
    "internal/utf8internal",
    "language",
    "runes",
    "secure/bidirule",
    "transform",
    "unicode/bidi",
    "unicode/cldr",
    "unicode/norm",
    "unicode/rangetable",
  ]
  pruneopts = ""
  revision = "f21a4dfb5e38f5895301dc265a8def02365cc3d0"
  version = "v0.3.0"

[[projects]]
  digest = "1:c1771ca6060335f9768dff6558108bc5ef6c58506821ad43377ee23ff059e472"
  name = "google.golang.org/appengine"
  packages = ["cloudsql"]
  pruneopts = ""
  revision = "b1f26356af11148e710935ed1ac8a7f5702c7612"
  version = "v1.1.0"

[[projects]]
  branch = "master"
  digest = "1:51660d223cf2ac7b172cda2cad336aea0228fed65a18befe270356d8f2eaf317"
  name = "google.golang.org/genproto"
  packages = ["googleapis/rpc/status"]
  pruneopts = ""
  revision = "80063a038e333bbe006c878e4c5ce4c74d055498"

[[projects]]
  digest = "1:5f31b45ee9da7a87f140bef3ed0a7ca34ea2a6d38eb888123b8e28170e8aa4f2"
  name = "google.golang.org/grpc"
  packages = [
    ".",
    "balancer",
    "balancer/base",
    "balancer/roundrobin",
    "codes",
    "connectivity",
    "credentials",
    "encoding",
    "encoding/proto",
    "grpclog",
    "health/grpc_health_v1",
    "internal",
    "internal/backoff",
    "internal/channelz",
    "internal/grpcrand",
    "keepalive",
    "metadata",
    "naming",
    "peer",
    "resolver",
    "resolver/dns",
    "resolver/passthrough",
    "stats",
    "status",
    "tap",
    "transport",
  ]
  pruneopts = ""
  revision = "168a6198bcb0ef175f7dacec0b8691fc141dc9b8"
  version = "v1.13.0"

[[projects]]
  digest = "1:be5b8bdf182abbef3c4e0d0926bba912ef41b097f001259cb5d2187370bb2e5b"
  name = "gopkg.in/sourcemap.v1"
  packages = [
    ".",
    "base64vlq",
  ]
  pruneopts = ""
  revision = "6e83acea0053641eff084973fee085f0c193c61a"
  version = "v1.0.5"

[[projects]]
  digest = "1:f0620375dd1f6251d9973b5f2596228cc8042e887cd7f827e4220bc1ce8c30e2"
  name = "gopkg.in/yaml.v2"
  packages = ["."]
  pruneopts = ""
  revision = "5420a8b6744d3b0345ab293f6fcba19c978f1183"
  version = "v2.2.1"

[solve-meta]
  analyzer-name = "dep"
  analyzer-version = 1
  input-imports = [
    "github.com/Juniper/go-netconf/netconf",
    "github.com/Masterminds/semver",
    "github.com/braintree/manners",
    "github.com/cloudwan/goose",
    "github.com/codegangsta/cli",
    "github.com/coreos/etcd/clientv3",
    "github.com/coreos/etcd/clientv3/concurrency",
    "github.com/coreos/etcd/mvcc/mvccpb",
    "github.com/cyberdelia/go-metrics-graphite",
    "github.com/ddliu/motto",
    "github.com/drone/routes",
    "github.com/flosch/pongo2",
    "github.com/go-martini/martini",
    "github.com/go-sql-driver/mysql",
    "github.com/golang/mock/gomock",
    "github.com/gophercloud/gophercloud",
    "github.com/gophercloud/gophercloud/openstack",
    "github.com/gophercloud/gophercloud/openstack/identity/v2/tenants",
    "github.com/gophercloud/gophercloud/openstack/identity/v3/projects",
    "github.com/gophercloud/gophercloud/openstack/identity/v3/tokens",
    "github.com/gophercloud/gophercloud/pagination",
    "github.com/jmoiron/sqlx",
    "github.com/jmoiron/sqlx/reflectx",
    "github.com/lann/squirrel",
    "github.com/lestrrat/go-server-starter",
    "github.com/lestrrat/go-server-starter/listener",
    "github.com/martini-contrib/staticbin",
    "github.com/mattn/go-sqlite3",
    "github.com/mitchellh/hashstructure",
    "github.com/mohae/deepcopy",
    "github.com/nati/go-fakedb",
    "github.com/olekukonko/tablewriter",
    "github.com/onsi/ginkgo",
    "github.com/onsi/ginkgo/config",
    "github.com/onsi/ginkgo/extensions/table",
    "github.com/onsi/ginkgo/reporters/stenographer",
    "github.com/onsi/ginkgo/types",
    "github.com/onsi/gomega",
    "github.com/onsi/gomega/format",
    "github.com/onsi/gomega/ghttp",
    "github.com/onsi/gomega/types",
    "github.com/op/go-logging",
    "github.com/patrickmn/go-cache",
    "github.com/pkg/errors",
    "github.com/rcrowley/go-metrics",
    "github.com/robertkrimen/otto",
    "github.com/robertkrimen/otto/ast",
    "github.com/robertkrimen/otto/parser",
    "github.com/robertkrimen/otto/underscore",
    "github.com/robfig/cron",
    "github.com/serenize/snaker",
    "github.com/streamrail/concurrent-map",
    "github.com/twinj/uuid",
    "github.com/tylerb/gls",
    "github.com/vattle/sqlboiler/strmangle",
    "github.com/xeipuuv/gojsonpointer",
    "github.com/xeipuuv/gojsonschema",
    "golang.org/x/crypto/ssh",
    "golang.org/x/net/context",
    "gopkg.in/yaml.v2",
  ]
  solver-name = "gps-cdcl"
  solver-version = 1
